
Microsoft Visual Studio Solution File, Format Version 12.00
# Visual Studio Version 17
VisualStudioVersion = 17.13.35931.197 d17.13
MinimumVisualStudioVersion = 10.0.40219.1
Project("{FAE04EC0-301F-11D3-BF4B-00C04F79EFBC}") = "BttLesson10EF", "BttLesson10EF\BttLesson10EF.csproj", "{AB9E9540-B00D-41B9-AECD-AEC37FCF59C6}"
EndProject
Global
	GlobalSection(SolutionConfigurationPlatforms) = preSolution
		Debug|Any CPU = Debug|Any CPU
		Release|Any CPU = Release|Any CPU
	EndGlobalSection
	GlobalSection(ProjectConfigurationPlatforms) = postSolution
		{AB9E9540-B00D-41B9-AECD-AEC37FCF59C6}.Debug|Any CPU.ActiveCfg = Debug|Any CPU
		{AB9E9540-B00D-41B9-AECD-AEC37FCF59C6}.Debug|Any CPU.Build.0 = Debug|Any CPU
		{AB9E9540-B00D-41B9-AECD-AEC37FCF59C6}.Release|Any CPU.ActiveCfg = Release|Any CPU
		{AB9E9540-B00D-41B9-AECD-AEC37FCF59C6}.Release|Any CPU.Build.0 = Release|Any CPU
	EndGlobalSection
	GlobalSection(SolutionProperties) = preSolution
		HideSolutionNode = FALSE
	EndGlobalSection
	GlobalSection(ExtensibilityGlobals) = postSolution
		SolutionGuid = {64ED6150-CF4D-4DE3-9447-0ECAFFB1B139}
	EndGlobalSection
EndGlobal
