
Microsoft Visual Studio Solution File, Format Version 12.00
# Visual Studio Version 17
VisualStudioVersion = 17.13.35931.197 d17.13
MinimumVisualStudioVersion = 10.0.40219.1
Project("{FAE04EC0-301F-11D3-BF4B-00C04F79EFBC}") = "BttLesson03-2", "BttLesson03-2\BttLesson03-2.csproj", "{1C7F0BD6-0D16-46E8-BD0F-1C1422144DC0}"
EndProject
Global
	GlobalSection(SolutionConfigurationPlatforms) = preSolution
		Debug|Any CPU = Debug|Any CPU
		Release|Any CPU = Release|Any CPU
	EndGlobalSection
	GlobalSection(ProjectConfigurationPlatforms) = postSolution
		{1C7F0BD6-0D16-46E8-BD0F-1C1422144DC0}.Debug|Any CPU.ActiveCfg = Debug|Any CPU
		{1C7F0BD6-0D16-46E8-BD0F-1C1422144DC0}.Debug|Any CPU.Build.0 = Debug|Any CPU
		{1C7F0BD6-0D16-46E8-BD0F-1C1422144DC0}.Release|Any CPU.ActiveCfg = Release|Any CPU
		{1C7F0BD6-0D16-46E8-BD0F-1C1422144DC0}.Release|Any CPU.Build.0 = Release|Any CPU
	EndGlobalSection
	GlobalSection(SolutionProperties) = preSolution
		HideSolutionNode = FALSE
	EndGlobalSection
	GlobalSection(ExtensibilityGlobals) = postSolution
		SolutionGuid = {97E0E09E-CAAC-449A-9CE7-5AAA4357E8D4}
	EndGlobalSection
EndGlobal
